# This file was autogenerated by Stack.
# You should not edit this file by hand.
# For more information, please see the documentation at:
#   https://docs.haskellstack.org/en/stable/lock_files

packages:
- completed:
    hackage: pandoc-citeproc-0.15@sha256:f1b78be1f888da9dee0c2a82a2dff58745876e6f940adce0f5d044a996e46640,8213
    pantry-tree:
      size: 24281
      sha256: 6337c0a5e089e6072aa696a13134b415e71a373f82adba3db8c55c8cde10b70f
  original:
    hackage: pandoc-citeproc-0.15
snapshots:
- completed:
    size: 509471
    url: https://raw.githubusercontent.com/commercialhaskell/stackage-snapshots/master/lts/12/26.yaml
    sha256: 95f014df58d0679b1c4a2b7bf2b652b61da8d30de5f571abb0d59015ef678646
  original: lts-12.26
